
Microsoft Visual Studio Solution File, Format Version 12.00
# Visual Studio Version 17
VisualStudioVersion = 17.4.33205.214
MinimumVisualStudioVersion = 10.0.40219.1
Project("{9A19103F-16F7-4668-BE54-9A1E7A4F7556}") = "주문Server", "OrderServer\주문Server.csproj", "{15F1BC27-7386-43C9-A9FE-C67FE1DB50DD}"
EndProject
Project("{9A19103F-16F7-4668-BE54-9A1E7A4F7556}") = "주문Common", "OrderCommon\주문Common.csproj", "{07DAB172-3F53-4862-A9B2-8A13DF84CC2F}"
EndProject
Project("{9A19103F-16F7-4668-BE54-9A1E7A4F7556}") = "계정Common", "IdentityCommon\계정Common.csproj", "{F40CE390-C9D3-4636-8781-2764F82E98A9}"
EndProject
Project("{9A19103F-16F7-4668-BE54-9A1E7A4F7556}") = "IdentityServerSample", "IdentityServerSample\IdentityServerSample.csproj", "{4CF0D87F-B6A6-44B0-A8A2-EB7C956C9F47}"
EndProject
Project("{9A19103F-16F7-4668-BE54-9A1E7A4F7556}") = "시스템관리자App", "FullFillmentManager\시스템관리자App.csproj", "{F95F9EDF-ADC0-447D-AC85-12ECF6442A94}"
EndProject
Project("{9A19103F-16F7-4668-BE54-9A1E7A4F7556}") = "수협Common", "KoreaCommon\수협Common.csproj", "{995E7327-FBD9-48B3-9F8D-C6FBCD0CC7E3}"
EndProject
Project("{9A19103F-16F7-4668-BE54-9A1E7A4F7556}") = "Common", "Common\Common.csproj", "{6B8F43A9-9772-490D-A7BD-483D0DF6D05F}"
EndProject
Project("{9A19103F-16F7-4668-BE54-9A1E7A4F7556}") = "수협Server", "수협Server\수협Server.csproj", "{A29A950A-B488-4F65-A6FA-722C3C28D292}"
EndProject
Project("{2150E333-8FDC-42A3-9474-1A3956D46DE8}") = "Server", "Server", "{D7AD4DD9-FB68-47B1-A65E-164D9661A3D1}"
EndProject
Project("{2150E333-8FDC-42A3-9474-1A3956D46DE8}") = "CommonProject", "CommonProject", "{48574ED2-6671-4B8C-AA90-3DA5FF968DA1}"
EndProject
Project("{2150E333-8FDC-42A3-9474-1A3956D46DE8}") = "FrontApp", "FrontApp", "{B1BFAF3C-0C0F-4E4F-A7B8-BCC5790FD7C6}"
EndProject
Project("{2150E333-8FDC-42A3-9474-1A3956D46DE8}") = "TestApp", "TestApp", "{CC04B5DD-9CB4-4A0D-86E5-FA295AFB1944}"
EndProject
Project("{9A19103F-16F7-4668-BE54-9A1E7A4F7556}") = "TestApplication", "TestApplication\TestApplication.csproj", "{28D334EC-B04B-4DC2-B812-E011FB45E76E}"
EndProject
Project("{9A19103F-16F7-4668-BE54-9A1E7A4F7556}") = "창고Server", "WarehouseServer\창고Server.csproj", "{20DBFC10-10BF-4C1D-AA54-5C5BA3C175E5}"
EndProject
Project("{9A19103F-16F7-4668-BE54-9A1E7A4F7556}") = "창고Common", "WarehouseCommon\창고Common.csproj", "{DA8B76DA-91A7-4F51-85B9-941511CDD69F}"
EndProject
Project("{2150E333-8FDC-42A3-9474-1A3956D46DE8}") = "APIGateWay", "APIGateWay", "{632A0FB2-61F1-4FF7-8986-0FA30144AC87}"
EndProject
Project("{2150E333-8FDC-42A3-9474-1A3956D46DE8}") = "CommonFront", "CommonFront", "{C693EABB-652D-4124-A73D-893463D3FEAA}"
EndProject
Project("{2150E333-8FDC-42A3-9474-1A3956D46DE8}") = "CommonBack", "CommonBack", "{D5B9421C-4B72-4EB8-989D-73CF4EACA4B0}"
EndProject
Project("{2150E333-8FDC-42A3-9474-1A3956D46DE8}") = "ForAppCommon", "ForAppCommon", "{8381AF77-E6DA-4598-BB88-56A83D1C2E30}"
EndProject
Project("{9A19103F-16F7-4668-BE54-9A1E7A4F7556}") = "시스템관리자AppCommon", "시스템관리자AppCommon\시스템관리자AppCommon.csproj", "{138FD150-980C-405E-95CE-89A1D6F146B9}"
EndProject
Project("{9A19103F-16F7-4668-BE54-9A1E7A4F7556}") = "주문자AppCommon", "주문자AppCommon\주문자AppCommon.csproj", "{11E8E1BF-0D82-47C4-9F88-A1DEE42E12AF}"
EndProject
Project("{9A19103F-16F7-4668-BE54-9A1E7A4F7556}") = "NaverCommon", "NaverCommon\NaverCommon.csproj", "{86803290-E402-47F0-B218-C1EFA69EAA7B}"
EndProject
Project("{2150E333-8FDC-42A3-9474-1A3956D46DE8}") = "Query", "Query", "{B72202BC-9F6A-4066-954C-FC26719321B4}"
EndProject
Project("{9A19103F-16F7-4668-BE54-9A1E7A4F7556}") = "수협QueryServer", "수협QueryServer\수협QueryServer.csproj", "{F386A1E9-9850-4D9B-A989-A755003116D3}"
EndProject
Project("{9A19103F-16F7-4668-BE54-9A1E7A4F7556}") = "주문QueryServer", "주문QueryServer\주문QueryServer.csproj", "{C18CE5F5-811D-43D8-97A3-6ED3C248BDE1}"
EndProject
Project("{9A19103F-16F7-4668-BE54-9A1E7A4F7556}") = "창고QueryServer", "창고QueryServer\창고QueryServer.csproj", "{AF5C89AA-C435-4155-8083-49ABB77F9538}"
EndProject
Project("{9A19103F-16F7-4668-BE54-9A1E7A4F7556}") = "수협비즈니스APIGateWay", "수협비즈니스APIGateWay\수협비즈니스APIGateWay.csproj", "{E1A4EDAB-B54D-4F97-843B-2C8CD7E604FB}"
EndProject
Project("{9A19103F-16F7-4668-BE54-9A1E7A4F7556}") = "주문자APIGateWay", "주문자APIGateWay\주문자APIGateWay.csproj", "{136B7B28-2063-4C1B-A065-BD495133A3C0}"
EndProject
Project("{9A19103F-16F7-4668-BE54-9A1E7A4F7556}") = "판매자APIGateWay", "판매자APIGateWay\판매자APIGateWay.csproj", "{515E3641-B812-4CCD-804E-F4D803964788}"
EndProject
Project("{9A19103F-16F7-4668-BE54-9A1E7A4F7556}") = "창고관리자APIGateWay", "창고관리자APIGateWay\창고관리자APIGateWay.csproj", "{AE1DD507-3E7E-4220-9BB4-703D7798BBFC}"
EndProject
Project("{9A19103F-16F7-4668-BE54-9A1E7A4F7556}") = "판매Common", "판매Common\판매Common.csproj", "{BBED3765-513C-4D0B-9812-6AC0E970DB3F}"
EndProject
Project("{9A19103F-16F7-4668-BE54-9A1E7A4F7556}") = "판매QueryServer", "판매QueryServer\판매QueryServer.csproj", "{03F725F6-A15C-43BA-8492-B5AA89B97B2E}"
EndProject
Project("{9A19103F-16F7-4668-BE54-9A1E7A4F7556}") = "판매Server", "판매Server\판매Server.csproj", "{99F0B8CA-21AC-4369-857B-58F063603E6E}"
EndProject
Project("{9A19103F-16F7-4668-BE54-9A1E7A4F7556}") = "주문판매Common", "주문판매Common\주문판매Common.csproj", "{0C603847-A683-47A5-A2EA-0B76F1992EC2}"
EndProject
Project("{9A19103F-16F7-4668-BE54-9A1E7A4F7556}") = "판매요약Common", "판매요약Common\판매요약Common.csproj", "{FA1A6539-A02C-4984-93DB-7E8641E88D7F}"
EndProject
Project("{9A19103F-16F7-4668-BE54-9A1E7A4F7556}") = "마켓Common", "마켓Common\마켓Common.csproj", "{4EC2E0E9-FBAA-4831-921C-C9BC80E73E0D}"
EndProject
Project("{9A19103F-16F7-4668-BE54-9A1E7A4F7556}") = "마켓QueryServer", "마켓QueryServer\마켓QueryServer.csproj", "{7373B173-70BE-4801-8698-9C3F3AEA1EE3}"
EndProject
Project("{9A19103F-16F7-4668-BE54-9A1E7A4F7556}") = "마켓Server", "마켓Server\마켓Server.csproj", "{CC878FE4-D2F7-429A-B044-09219BFFC135}"
EndProject
Project("{9A19103F-16F7-4668-BE54-9A1E7A4F7556}") = "판매자WebApp", "판매자WebApp\판매자WebApp.csproj", "{17A7A3E6-DB08-4942-91B8-B556C14F5C0C}"
EndProject
Project("{9A19103F-16F7-4668-BE54-9A1E7A4F7556}") = "창고관리자WebApp", "창고관리자WebApp\창고관리자WebApp.csproj", "{E02B66F2-098F-4D3F-B7CA-926D7099A406}"
EndProject
Project("{FAE04EC0-301F-11D3-BF4B-00C04F79EFBC}") = "마켓관리자APIGateWay", "마켓관리자APIGateWay\마켓관리자APIGateWay.csproj", "{FF8BCDBB-127D-41FB-BAA2-8ACA173D8A52}"
EndProject
Global
	GlobalSection(SolutionConfigurationPlatforms) = preSolution
		Debug|Any CPU = Debug|Any CPU
		Release|Any CPU = Release|Any CPU
	EndGlobalSection
	GlobalSection(ProjectConfigurationPlatforms) = postSolution
		{15F1BC27-7386-43C9-A9FE-C67FE1DB50DD}.Debug|Any CPU.ActiveCfg = Debug|Any CPU
		{15F1BC27-7386-43C9-A9FE-C67FE1DB50DD}.Debug|Any CPU.Build.0 = Debug|Any CPU
		{15F1BC27-7386-43C9-A9FE-C67FE1DB50DD}.Release|Any CPU.ActiveCfg = Release|Any CPU
		{15F1BC27-7386-43C9-A9FE-C67FE1DB50DD}.Release|Any CPU.Build.0 = Release|Any CPU
		{07DAB172-3F53-4862-A9B2-8A13DF84CC2F}.Debug|Any CPU.ActiveCfg = Debug|Any CPU
		{07DAB172-3F53-4862-A9B2-8A13DF84CC2F}.Debug|Any CPU.Build.0 = Debug|Any CPU
		{07DAB172-3F53-4862-A9B2-8A13DF84CC2F}.Release|Any CPU.ActiveCfg = Release|Any CPU
		{07DAB172-3F53-4862-A9B2-8A13DF84CC2F}.Release|Any CPU.Build.0 = Release|Any CPU
		{F40CE390-C9D3-4636-8781-2764F82E98A9}.Debug|Any CPU.ActiveCfg = Debug|Any CPU
		{F40CE390-C9D3-4636-8781-2764F82E98A9}.Debug|Any CPU.Build.0 = Debug|Any CPU
		{F40CE390-C9D3-4636-8781-2764F82E98A9}.Release|Any CPU.ActiveCfg = Release|Any CPU
		{F40CE390-C9D3-4636-8781-2764F82E98A9}.Release|Any CPU.Build.0 = Release|Any CPU
		{4CF0D87F-B6A6-44B0-A8A2-EB7C956C9F47}.Debug|Any CPU.ActiveCfg = Debug|Any CPU
		{4CF0D87F-B6A6-44B0-A8A2-EB7C956C9F47}.Debug|Any CPU.Build.0 = Debug|Any CPU
		{4CF0D87F-B6A6-44B0-A8A2-EB7C956C9F47}.Release|Any CPU.ActiveCfg = Release|Any CPU
		{4CF0D87F-B6A6-44B0-A8A2-EB7C956C9F47}.Release|Any CPU.Build.0 = Release|Any CPU
		{F95F9EDF-ADC0-447D-AC85-12ECF6442A94}.Debug|Any CPU.ActiveCfg = Debug|Any CPU
		{F95F9EDF-ADC0-447D-AC85-12ECF6442A94}.Debug|Any CPU.Build.0 = Debug|Any CPU
		{F95F9EDF-ADC0-447D-AC85-12ECF6442A94}.Release|Any CPU.ActiveCfg = Release|Any CPU
		{F95F9EDF-ADC0-447D-AC85-12ECF6442A94}.Release|Any CPU.Build.0 = Release|Any CPU
		{995E7327-FBD9-48B3-9F8D-C6FBCD0CC7E3}.Debug|Any CPU.ActiveCfg = Debug|Any CPU
		{995E7327-FBD9-48B3-9F8D-C6FBCD0CC7E3}.Debug|Any CPU.Build.0 = Debug|Any CPU
		{995E7327-FBD9-48B3-9F8D-C6FBCD0CC7E3}.Release|Any CPU.ActiveCfg = Release|Any CPU
		{995E7327-FBD9-48B3-9F8D-C6FBCD0CC7E3}.Release|Any CPU.Build.0 = Release|Any CPU
		{6B8F43A9-9772-490D-A7BD-483D0DF6D05F}.Debug|Any CPU.ActiveCfg = Debug|Any CPU
		{6B8F43A9-9772-490D-A7BD-483D0DF6D05F}.Debug|Any CPU.Build.0 = Debug|Any CPU
		{6B8F43A9-9772-490D-A7BD-483D0DF6D05F}.Release|Any CPU.ActiveCfg = Release|Any CPU
		{6B8F43A9-9772-490D-A7BD-483D0DF6D05F}.Release|Any CPU.Build.0 = Release|Any CPU
		{A29A950A-B488-4F65-A6FA-722C3C28D292}.Debug|Any CPU.ActiveCfg = Debug|Any CPU
		{A29A950A-B488-4F65-A6FA-722C3C28D292}.Debug|Any CPU.Build.0 = Debug|Any CPU
		{A29A950A-B488-4F65-A6FA-722C3C28D292}.Release|Any CPU.ActiveCfg = Release|Any CPU
		{A29A950A-B488-4F65-A6FA-722C3C28D292}.Release|Any CPU.Build.0 = Release|Any CPU
		{28D334EC-B04B-4DC2-B812-E011FB45E76E}.Debug|Any CPU.ActiveCfg = Debug|Any CPU
		{28D334EC-B04B-4DC2-B812-E011FB45E76E}.Debug|Any CPU.Build.0 = Debug|Any CPU
		{28D334EC-B04B-4DC2-B812-E011FB45E76E}.Release|Any CPU.ActiveCfg = Release|Any CPU
		{28D334EC-B04B-4DC2-B812-E011FB45E76E}.Release|Any CPU.Build.0 = Release|Any CPU
		{20DBFC10-10BF-4C1D-AA54-5C5BA3C175E5}.Debug|Any CPU.ActiveCfg = Debug|Any CPU
		{20DBFC10-10BF-4C1D-AA54-5C5BA3C175E5}.Debug|Any CPU.Build.0 = Debug|Any CPU
		{20DBFC10-10BF-4C1D-AA54-5C5BA3C175E5}.Release|Any CPU.ActiveCfg = Release|Any CPU
		{20DBFC10-10BF-4C1D-AA54-5C5BA3C175E5}.Release|Any CPU.Build.0 = Release|Any CPU
		{DA8B76DA-91A7-4F51-85B9-941511CDD69F}.Debug|Any CPU.ActiveCfg = Debug|Any CPU
		{DA8B76DA-91A7-4F51-85B9-941511CDD69F}.Debug|Any CPU.Build.0 = Debug|Any CPU
		{DA8B76DA-91A7-4F51-85B9-941511CDD69F}.Release|Any CPU.ActiveCfg = Release|Any CPU
		{DA8B76DA-91A7-4F51-85B9-941511CDD69F}.Release|Any CPU.Build.0 = Release|Any CPU
		{138FD150-980C-405E-95CE-89A1D6F146B9}.Debug|Any CPU.ActiveCfg = Debug|Any CPU
		{138FD150-980C-405E-95CE-89A1D6F146B9}.Debug|Any CPU.Build.0 = Debug|Any CPU
		{138FD150-980C-405E-95CE-89A1D6F146B9}.Release|Any CPU.ActiveCfg = Release|Any CPU
		{138FD150-980C-405E-95CE-89A1D6F146B9}.Release|Any CPU.Build.0 = Release|Any CPU
		{11E8E1BF-0D82-47C4-9F88-A1DEE42E12AF}.Debug|Any CPU.ActiveCfg = Debug|Any CPU
		{11E8E1BF-0D82-47C4-9F88-A1DEE42E12AF}.Debug|Any CPU.Build.0 = Debug|Any CPU
		{11E8E1BF-0D82-47C4-9F88-A1DEE42E12AF}.Release|Any CPU.ActiveCfg = Release|Any CPU
		{11E8E1BF-0D82-47C4-9F88-A1DEE42E12AF}.Release|Any CPU.Build.0 = Release|Any CPU
		{86803290-E402-47F0-B218-C1EFA69EAA7B}.Debug|Any CPU.ActiveCfg = Debug|Any CPU
		{86803290-E402-47F0-B218-C1EFA69EAA7B}.Debug|Any CPU.Build.0 = Debug|Any CPU
		{86803290-E402-47F0-B218-C1EFA69EAA7B}.Release|Any CPU.ActiveCfg = Release|Any CPU
		{86803290-E402-47F0-B218-C1EFA69EAA7B}.Release|Any CPU.Build.0 = Release|Any CPU
		{F386A1E9-9850-4D9B-A989-A755003116D3}.Debug|Any CPU.ActiveCfg = Debug|Any CPU
		{F386A1E9-9850-4D9B-A989-A755003116D3}.Debug|Any CPU.Build.0 = Debug|Any CPU
		{F386A1E9-9850-4D9B-A989-A755003116D3}.Release|Any CPU.ActiveCfg = Release|Any CPU
		{F386A1E9-9850-4D9B-A989-A755003116D3}.Release|Any CPU.Build.0 = Release|Any CPU
		{C18CE5F5-811D-43D8-97A3-6ED3C248BDE1}.Debug|Any CPU.ActiveCfg = Debug|Any CPU
		{C18CE5F5-811D-43D8-97A3-6ED3C248BDE1}.Debug|Any CPU.Build.0 = Debug|Any CPU
		{C18CE5F5-811D-43D8-97A3-6ED3C248BDE1}.Release|Any CPU.ActiveCfg = Release|Any CPU
		{C18CE5F5-811D-43D8-97A3-6ED3C248BDE1}.Release|Any CPU.Build.0 = Release|Any CPU
		{AF5C89AA-C435-4155-8083-49ABB77F9538}.Debug|Any CPU.ActiveCfg = Debug|Any CPU
		{AF5C89AA-C435-4155-8083-49ABB77F9538}.Debug|Any CPU.Build.0 = Debug|Any CPU
		{AF5C89AA-C435-4155-8083-49ABB77F9538}.Release|Any CPU.ActiveCfg = Release|Any CPU
		{AF5C89AA-C435-4155-8083-49ABB77F9538}.Release|Any CPU.Build.0 = Release|Any CPU
		{E1A4EDAB-B54D-4F97-843B-2C8CD7E604FB}.Debug|Any CPU.ActiveCfg = Debug|Any CPU
		{E1A4EDAB-B54D-4F97-843B-2C8CD7E604FB}.Debug|Any CPU.Build.0 = Debug|Any CPU
		{E1A4EDAB-B54D-4F97-843B-2C8CD7E604FB}.Release|Any CPU.ActiveCfg = Release|Any CPU
		{E1A4EDAB-B54D-4F97-843B-2C8CD7E604FB}.Release|Any CPU.Build.0 = Release|Any CPU
		{136B7B28-2063-4C1B-A065-BD495133A3C0}.Debug|Any CPU.ActiveCfg = Debug|Any CPU
		{136B7B28-2063-4C1B-A065-BD495133A3C0}.Debug|Any CPU.Build.0 = Debug|Any CPU
		{136B7B28-2063-4C1B-A065-BD495133A3C0}.Release|Any CPU.ActiveCfg = Release|Any CPU
		{136B7B28-2063-4C1B-A065-BD495133A3C0}.Release|Any CPU.Build.0 = Release|Any CPU
		{515E3641-B812-4CCD-804E-F4D803964788}.Debug|Any CPU.ActiveCfg = Debug|Any CPU
		{515E3641-B812-4CCD-804E-F4D803964788}.Debug|Any CPU.Build.0 = Debug|Any CPU
		{515E3641-B812-4CCD-804E-F4D803964788}.Release|Any CPU.ActiveCfg = Release|Any CPU
		{515E3641-B812-4CCD-804E-F4D803964788}.Release|Any CPU.Build.0 = Release|Any CPU
		{AE1DD507-3E7E-4220-9BB4-703D7798BBFC}.Debug|Any CPU.ActiveCfg = Debug|Any CPU
		{AE1DD507-3E7E-4220-9BB4-703D7798BBFC}.Debug|Any CPU.Build.0 = Debug|Any CPU
		{AE1DD507-3E7E-4220-9BB4-703D7798BBFC}.Release|Any CPU.ActiveCfg = Release|Any CPU
		{AE1DD507-3E7E-4220-9BB4-703D7798BBFC}.Release|Any CPU.Build.0 = Release|Any CPU
		{BBED3765-513C-4D0B-9812-6AC0E970DB3F}.Debug|Any CPU.ActiveCfg = Debug|Any CPU
		{BBED3765-513C-4D0B-9812-6AC0E970DB3F}.Debug|Any CPU.Build.0 = Debug|Any CPU
		{BBED3765-513C-4D0B-9812-6AC0E970DB3F}.Release|Any CPU.ActiveCfg = Release|Any CPU
		{BBED3765-513C-4D0B-9812-6AC0E970DB3F}.Release|Any CPU.Build.0 = Release|Any CPU
		{03F725F6-A15C-43BA-8492-B5AA89B97B2E}.Debug|Any CPU.ActiveCfg = Debug|Any CPU
		{03F725F6-A15C-43BA-8492-B5AA89B97B2E}.Debug|Any CPU.Build.0 = Debug|Any CPU
		{03F725F6-A15C-43BA-8492-B5AA89B97B2E}.Release|Any CPU.ActiveCfg = Release|Any CPU
		{03F725F6-A15C-43BA-8492-B5AA89B97B2E}.Release|Any CPU.Build.0 = Release|Any CPU
		{99F0B8CA-21AC-4369-857B-58F063603E6E}.Debug|Any CPU.ActiveCfg = Debug|Any CPU
		{99F0B8CA-21AC-4369-857B-58F063603E6E}.Debug|Any CPU.Build.0 = Debug|Any CPU
		{99F0B8CA-21AC-4369-857B-58F063603E6E}.Release|Any CPU.ActiveCfg = Release|Any CPU
		{99F0B8CA-21AC-4369-857B-58F063603E6E}.Release|Any CPU.Build.0 = Release|Any CPU
		{0C603847-A683-47A5-A2EA-0B76F1992EC2}.Debug|Any CPU.ActiveCfg = Debug|Any CPU
		{0C603847-A683-47A5-A2EA-0B76F1992EC2}.Debug|Any CPU.Build.0 = Debug|Any CPU
		{0C603847-A683-47A5-A2EA-0B76F1992EC2}.Release|Any CPU.ActiveCfg = Release|Any CPU
		{0C603847-A683-47A5-A2EA-0B76F1992EC2}.Release|Any CPU.Build.0 = Release|Any CPU
		{FA1A6539-A02C-4984-93DB-7E8641E88D7F}.Debug|Any CPU.ActiveCfg = Debug|Any CPU
		{FA1A6539-A02C-4984-93DB-7E8641E88D7F}.Debug|Any CPU.Build.0 = Debug|Any CPU
		{FA1A6539-A02C-4984-93DB-7E8641E88D7F}.Release|Any CPU.ActiveCfg = Release|Any CPU
		{FA1A6539-A02C-4984-93DB-7E8641E88D7F}.Release|Any CPU.Build.0 = Release|Any CPU
		{4EC2E0E9-FBAA-4831-921C-C9BC80E73E0D}.Debug|Any CPU.ActiveCfg = Debug|Any CPU
		{4EC2E0E9-FBAA-4831-921C-C9BC80E73E0D}.Debug|Any CPU.Build.0 = Debug|Any CPU
		{4EC2E0E9-FBAA-4831-921C-C9BC80E73E0D}.Release|Any CPU.ActiveCfg = Release|Any CPU
		{4EC2E0E9-FBAA-4831-921C-C9BC80E73E0D}.Release|Any CPU.Build.0 = Release|Any CPU
		{7373B173-70BE-4801-8698-9C3F3AEA1EE3}.Debug|Any CPU.ActiveCfg = Debug|Any CPU
		{7373B173-70BE-4801-8698-9C3F3AEA1EE3}.Debug|Any CPU.Build.0 = Debug|Any CPU
		{7373B173-70BE-4801-8698-9C3F3AEA1EE3}.Release|Any CPU.ActiveCfg = Release|Any CPU
		{7373B173-70BE-4801-8698-9C3F3AEA1EE3}.Release|Any CPU.Build.0 = Release|Any CPU
		{CC878FE4-D2F7-429A-B044-09219BFFC135}.Debug|Any CPU.ActiveCfg = Debug|Any CPU
		{CC878FE4-D2F7-429A-B044-09219BFFC135}.Debug|Any CPU.Build.0 = Debug|Any CPU
		{CC878FE4-D2F7-429A-B044-09219BFFC135}.Release|Any CPU.ActiveCfg = Release|Any CPU
		{CC878FE4-D2F7-429A-B044-09219BFFC135}.Release|Any CPU.Build.0 = Release|Any CPU
		{17A7A3E6-DB08-4942-91B8-B556C14F5C0C}.Debug|Any CPU.ActiveCfg = Debug|Any CPU
		{17A7A3E6-DB08-4942-91B8-B556C14F5C0C}.Debug|Any CPU.Build.0 = Debug|Any CPU
		{17A7A3E6-DB08-4942-91B8-B556C14F5C0C}.Release|Any CPU.ActiveCfg = Release|Any CPU
		{17A7A3E6-DB08-4942-91B8-B556C14F5C0C}.Release|Any CPU.Build.0 = Release|Any CPU
		{E02B66F2-098F-4D3F-B7CA-926D7099A406}.Debug|Any CPU.ActiveCfg = Debug|Any CPU
		{E02B66F2-098F-4D3F-B7CA-926D7099A406}.Debug|Any CPU.Build.0 = Debug|Any CPU
		{E02B66F2-098F-4D3F-B7CA-926D7099A406}.Release|Any CPU.ActiveCfg = Release|Any CPU
		{E02B66F2-098F-4D3F-B7CA-926D7099A406}.Release|Any CPU.Build.0 = Release|Any CPU
		{FF8BCDBB-127D-41FB-BAA2-8ACA173D8A52}.Debug|Any CPU.ActiveCfg = Debug|Any CPU
		{FF8BCDBB-127D-41FB-BAA2-8ACA173D8A52}.Debug|Any CPU.Build.0 = Debug|Any CPU
		{FF8BCDBB-127D-41FB-BAA2-8ACA173D8A52}.Release|Any CPU.ActiveCfg = Release|Any CPU
		{FF8BCDBB-127D-41FB-BAA2-8ACA173D8A52}.Release|Any CPU.Build.0 = Release|Any CPU
	EndGlobalSection
	GlobalSection(SolutionProperties) = preSolution
		HideSolutionNode = FALSE
	EndGlobalSection
	GlobalSection(NestedProjects) = preSolution
		{15F1BC27-7386-43C9-A9FE-C67FE1DB50DD} = {D7AD4DD9-FB68-47B1-A65E-164D9661A3D1}
		{07DAB172-3F53-4862-A9B2-8A13DF84CC2F} = {D5B9421C-4B72-4EB8-989D-73CF4EACA4B0}
		{F40CE390-C9D3-4636-8781-2764F82E98A9} = {D5B9421C-4B72-4EB8-989D-73CF4EACA4B0}
		{4CF0D87F-B6A6-44B0-A8A2-EB7C956C9F47} = {632A0FB2-61F1-4FF7-8986-0FA30144AC87}
		{F95F9EDF-ADC0-447D-AC85-12ECF6442A94} = {B1BFAF3C-0C0F-4E4F-A7B8-BCC5790FD7C6}
		{995E7327-FBD9-48B3-9F8D-C6FBCD0CC7E3} = {D5B9421C-4B72-4EB8-989D-73CF4EACA4B0}
		{6B8F43A9-9772-490D-A7BD-483D0DF6D05F} = {48574ED2-6671-4B8C-AA90-3DA5FF968DA1}
		{A29A950A-B488-4F65-A6FA-722C3C28D292} = {D7AD4DD9-FB68-47B1-A65E-164D9661A3D1}
		{28D334EC-B04B-4DC2-B812-E011FB45E76E} = {CC04B5DD-9CB4-4A0D-86E5-FA295AFB1944}
		{20DBFC10-10BF-4C1D-AA54-5C5BA3C175E5} = {D7AD4DD9-FB68-47B1-A65E-164D9661A3D1}
		{DA8B76DA-91A7-4F51-85B9-941511CDD69F} = {D5B9421C-4B72-4EB8-989D-73CF4EACA4B0}
		{C693EABB-652D-4124-A73D-893463D3FEAA} = {48574ED2-6671-4B8C-AA90-3DA5FF968DA1}
		{D5B9421C-4B72-4EB8-989D-73CF4EACA4B0} = {48574ED2-6671-4B8C-AA90-3DA5FF968DA1}
		{8381AF77-E6DA-4598-BB88-56A83D1C2E30} = {C693EABB-652D-4124-A73D-893463D3FEAA}
		{138FD150-980C-405E-95CE-89A1D6F146B9} = {8381AF77-E6DA-4598-BB88-56A83D1C2E30}
		{11E8E1BF-0D82-47C4-9F88-A1DEE42E12AF} = {8381AF77-E6DA-4598-BB88-56A83D1C2E30}
		{B72202BC-9F6A-4066-954C-FC26719321B4} = {D7AD4DD9-FB68-47B1-A65E-164D9661A3D1}
		{F386A1E9-9850-4D9B-A989-A755003116D3} = {B72202BC-9F6A-4066-954C-FC26719321B4}
		{C18CE5F5-811D-43D8-97A3-6ED3C248BDE1} = {B72202BC-9F6A-4066-954C-FC26719321B4}
		{AF5C89AA-C435-4155-8083-49ABB77F9538} = {B72202BC-9F6A-4066-954C-FC26719321B4}
		{E1A4EDAB-B54D-4F97-843B-2C8CD7E604FB} = {632A0FB2-61F1-4FF7-8986-0FA30144AC87}
		{136B7B28-2063-4C1B-A065-BD495133A3C0} = {632A0FB2-61F1-4FF7-8986-0FA30144AC87}
		{515E3641-B812-4CCD-804E-F4D803964788} = {632A0FB2-61F1-4FF7-8986-0FA30144AC87}
		{AE1DD507-3E7E-4220-9BB4-703D7798BBFC} = {632A0FB2-61F1-4FF7-8986-0FA30144AC87}
		{BBED3765-513C-4D0B-9812-6AC0E970DB3F} = {D5B9421C-4B72-4EB8-989D-73CF4EACA4B0}
		{03F725F6-A15C-43BA-8492-B5AA89B97B2E} = {B72202BC-9F6A-4066-954C-FC26719321B4}
		{99F0B8CA-21AC-4369-857B-58F063603E6E} = {D7AD4DD9-FB68-47B1-A65E-164D9661A3D1}
		{0C603847-A683-47A5-A2EA-0B76F1992EC2} = {D5B9421C-4B72-4EB8-989D-73CF4EACA4B0}
		{FA1A6539-A02C-4984-93DB-7E8641E88D7F} = {D5B9421C-4B72-4EB8-989D-73CF4EACA4B0}
		{4EC2E0E9-FBAA-4831-921C-C9BC80E73E0D} = {D5B9421C-4B72-4EB8-989D-73CF4EACA4B0}
		{7373B173-70BE-4801-8698-9C3F3AEA1EE3} = {B72202BC-9F6A-4066-954C-FC26719321B4}
		{CC878FE4-D2F7-429A-B044-09219BFFC135} = {D7AD4DD9-FB68-47B1-A65E-164D9661A3D1}
		{17A7A3E6-DB08-4942-91B8-B556C14F5C0C} = {B1BFAF3C-0C0F-4E4F-A7B8-BCC5790FD7C6}
		{E02B66F2-098F-4D3F-B7CA-926D7099A406} = {B1BFAF3C-0C0F-4E4F-A7B8-BCC5790FD7C6}
		{FF8BCDBB-127D-41FB-BAA2-8ACA173D8A52} = {632A0FB2-61F1-4FF7-8986-0FA30144AC87}
	EndGlobalSection
	GlobalSection(ExtensibilityGlobals) = postSolution
		SolutionGuid = {CC1E29A3-F7C6-47D7-8B7E-BC99D6428EBC}
	EndGlobalSection
EndGlobal
