
Microsoft Visual Studio Solution File, Format Version 12.00
# Visual Studio Version 17
VisualStudioVersion = 17.4.33205.214
MinimumVisualStudioVersion = 10.0.40219.1
Project("{9A19103F-16F7-4668-BE54-9A1E7A4F7556}") = "FrontOrderApp", "FrontOrderApp\FrontOrderApp.csproj", "{A6C3F374-4106-4F6A-8E9D-4057C1D495D3}"
EndProject
Project("{9A19103F-16F7-4668-BE54-9A1E7A4F7556}") = "OrderServer", "OrderServer\OrderServer.csproj", "{15F1BC27-7386-43C9-A9FE-C67FE1DB50DD}"
EndProject
Project("{9A19103F-16F7-4668-BE54-9A1E7A4F7556}") = "OrderCommon", "OrderCommon\OrderCommon.csproj", "{07DAB172-3F53-4862-A9B2-8A13DF84CC2F}"
EndProject
Project("{9A19103F-16F7-4668-BE54-9A1E7A4F7556}") = "IdentityCommon", "IdentityCommon\IdentityCommon.csproj", "{F40CE390-C9D3-4636-8781-2764F82E98A9}"
EndProject
Project("{9A19103F-16F7-4668-BE54-9A1E7A4F7556}") = "IdentityServerSample", "IdentityServerSample\IdentityServerSample.csproj", "{4CF0D87F-B6A6-44B0-A8A2-EB7C956C9F47}"
EndProject
Project("{9A19103F-16F7-4668-BE54-9A1E7A4F7556}") = "FullFillmentManager", "FullFillmentManager\FullFillmentManager.csproj", "{F95F9EDF-ADC0-447D-AC85-12ECF6442A94}"
EndProject
Project("{FAE04EC0-301F-11D3-BF4B-00C04F79EFBC}") = "KoreaCommon", "KoreaCommon\KoreaCommon.csproj", "{995E7327-FBD9-48B3-9F8D-C6FBCD0CC7E3}"
EndProject
Project("{9A19103F-16F7-4668-BE54-9A1E7A4F7556}") = "Test", "Test\Test.csproj", "{D56EDC23-9921-4FF3-A4AD-129CF2E58227}"
EndProject
Global
	GlobalSection(SolutionConfigurationPlatforms) = preSolution
		Debug|Any CPU = Debug|Any CPU
		Release|Any CPU = Release|Any CPU
	EndGlobalSection
	GlobalSection(ProjectConfigurationPlatforms) = postSolution
		{A6C3F374-4106-4F6A-8E9D-4057C1D495D3}.Debug|Any CPU.ActiveCfg = Debug|Any CPU
		{A6C3F374-4106-4F6A-8E9D-4057C1D495D3}.Debug|Any CPU.Build.0 = Debug|Any CPU
		{A6C3F374-4106-4F6A-8E9D-4057C1D495D3}.Release|Any CPU.ActiveCfg = Release|Any CPU
		{A6C3F374-4106-4F6A-8E9D-4057C1D495D3}.Release|Any CPU.Build.0 = Release|Any CPU
		{15F1BC27-7386-43C9-A9FE-C67FE1DB50DD}.Debug|Any CPU.ActiveCfg = Debug|Any CPU
		{15F1BC27-7386-43C9-A9FE-C67FE1DB50DD}.Debug|Any CPU.Build.0 = Debug|Any CPU
		{15F1BC27-7386-43C9-A9FE-C67FE1DB50DD}.Release|Any CPU.ActiveCfg = Release|Any CPU
		{15F1BC27-7386-43C9-A9FE-C67FE1DB50DD}.Release|Any CPU.Build.0 = Release|Any CPU
		{07DAB172-3F53-4862-A9B2-8A13DF84CC2F}.Debug|Any CPU.ActiveCfg = Debug|Any CPU
		{07DAB172-3F53-4862-A9B2-8A13DF84CC2F}.Debug|Any CPU.Build.0 = Debug|Any CPU
		{07DAB172-3F53-4862-A9B2-8A13DF84CC2F}.Release|Any CPU.ActiveCfg = Release|Any CPU
		{07DAB172-3F53-4862-A9B2-8A13DF84CC2F}.Release|Any CPU.Build.0 = Release|Any CPU
		{F40CE390-C9D3-4636-8781-2764F82E98A9}.Debug|Any CPU.ActiveCfg = Debug|Any CPU
		{F40CE390-C9D3-4636-8781-2764F82E98A9}.Debug|Any CPU.Build.0 = Debug|Any CPU
		{F40CE390-C9D3-4636-8781-2764F82E98A9}.Release|Any CPU.ActiveCfg = Release|Any CPU
		{F40CE390-C9D3-4636-8781-2764F82E98A9}.Release|Any CPU.Build.0 = Release|Any CPU
		{4CF0D87F-B6A6-44B0-A8A2-EB7C956C9F47}.Debug|Any CPU.ActiveCfg = Debug|Any CPU
		{4CF0D87F-B6A6-44B0-A8A2-EB7C956C9F47}.Debug|Any CPU.Build.0 = Debug|Any CPU
		{4CF0D87F-B6A6-44B0-A8A2-EB7C956C9F47}.Release|Any CPU.ActiveCfg = Release|Any CPU
		{4CF0D87F-B6A6-44B0-A8A2-EB7C956C9F47}.Release|Any CPU.Build.0 = Release|Any CPU
		{F95F9EDF-ADC0-447D-AC85-12ECF6442A94}.Debug|Any CPU.ActiveCfg = Debug|Any CPU
		{F95F9EDF-ADC0-447D-AC85-12ECF6442A94}.Debug|Any CPU.Build.0 = Debug|Any CPU
		{F95F9EDF-ADC0-447D-AC85-12ECF6442A94}.Release|Any CPU.ActiveCfg = Release|Any CPU
		{F95F9EDF-ADC0-447D-AC85-12ECF6442A94}.Release|Any CPU.Build.0 = Release|Any CPU
		{995E7327-FBD9-48B3-9F8D-C6FBCD0CC7E3}.Debug|Any CPU.ActiveCfg = Debug|Any CPU
		{995E7327-FBD9-48B3-9F8D-C6FBCD0CC7E3}.Debug|Any CPU.Build.0 = Debug|Any CPU
		{995E7327-FBD9-48B3-9F8D-C6FBCD0CC7E3}.Release|Any CPU.ActiveCfg = Release|Any CPU
		{995E7327-FBD9-48B3-9F8D-C6FBCD0CC7E3}.Release|Any CPU.Build.0 = Release|Any CPU
		{D56EDC23-9921-4FF3-A4AD-129CF2E58227}.Debug|Any CPU.ActiveCfg = Debug|Any CPU
		{D56EDC23-9921-4FF3-A4AD-129CF2E58227}.Debug|Any CPU.Build.0 = Debug|Any CPU
		{D56EDC23-9921-4FF3-A4AD-129CF2E58227}.Release|Any CPU.ActiveCfg = Release|Any CPU
		{D56EDC23-9921-4FF3-A4AD-129CF2E58227}.Release|Any CPU.Build.0 = Release|Any CPU
	EndGlobalSection
	GlobalSection(SolutionProperties) = preSolution
		HideSolutionNode = FALSE
	EndGlobalSection
	GlobalSection(ExtensibilityGlobals) = postSolution
		SolutionGuid = {CC1E29A3-F7C6-47D7-8B7E-BC99D6428EBC}
	EndGlobalSection
EndGlobal
